// !$*UTF8*$!
{
	archiveVersion = 1;
	classes = {
	};
	objectVersion = 46;
	objects = {

/* Begin PBXBuildFile section */
		C0727E001A738A8C0059D7C7 /* AppDelegate.swift in Sources */ = {isa = PBXBuildFile; fileRef = C0727DFF1A738A8C0059D7C7 /* AppDelegate.swift */; };
		C0727E031A738A8C0059D7C7 /* CheckYourself.xcdatamodeld in Sources */ = {isa = PBXBuildFile; fileRef = C0727E011A738A8C0059D7C7 /* CheckYourself.xcdatamodeld */; };
		C0727E051A738A8C0059D7C7 /* ViewController.swift in Sources */ = {isa = PBXBuildFile; fileRef = C0727E041A738A8C0059D7C7 /* ViewController.swift */; };
		C0727E081A738A8C0059D7C7 /* Main.storyboard in Resources */ = {isa = PBXBuildFile; fileRef = C0727E061A738A8C0059D7C7 /* Main.storyboard */; };
		C0727E0A1A738A8C0059D7C7 /* Images.xcassets in Resources */ = {isa = PBXBuildFile; fileRef = C0727E091A738A8C0059D7C7 /* Images.xcassets */; };
		C0727E0D1A738A8C0059D7C7 /* LaunchScreen.xib in Resources */ = {isa = PBXBuildFile; fileRef = C0727E0B1A738A8C0059D7C7 /* LaunchScreen.xib */; };
		C0727E191A738A8C0059D7C7 /* CheckYourselfTests.swift in Sources */ = {isa = PBXBuildFile; fileRef = C0727E181A738A8C0059D7C7 /* CheckYourselfTests.swift */; };
/* End PBXBuildFile section */

/* Begin PBXContainerItemProxy section */
		C0727E131A738A8C0059D7C7 /* PBXContainerItemProxy */ = {
			isa = PBXContainerItemProxy;
			containerPortal = C0727DF21A738A8C0059D7C7 /* Project object */;
			proxyType = 1;
			remoteGlobalIDString = C0727DF91A738A8C0059D7C7;
			remoteInfo = CheckYourself;
		};
/* End PBXContainerItemProxy section */

/* Begin PBXFileReference section */
		C0727DFA1A738A8C0059D7C7 /* CheckYourself.app */ = {isa = PBXFileReference; explicitFileType = wrapper.application; includeInIndex = 0; path = CheckYourself.app; sourceTree = BUILT_PRODUCTS_DIR; };
		C0727DFE1A738A8C0059D7C7 /* Info.plist */ = {isa = PBXFileReference; lastKnownFileType = text.plist.xml; path = Info.plist; sourceTree = "<group>"; };
		C0727DFF1A738A8C0059D7C7 /* AppDelegate.swift */ = {isa = PBXFileReference; lastKnownFileType = sourcecode.swift; path = AppDelegate.swift; sourceTree = "<group>"; };
		C0727E021A738A8C0059D7C7 /* CheckYourself.xcdatamodel */ = {isa = PBXFileReference; lastKnownFileType = wrapper.xcdatamodel; path = CheckYourself.xcdatamodel; sourceTree = "<group>"; };
		C0727E041A738A8C0059D7C7 /* ViewController.swift */ = {isa = PBXFileReference; lastKnownFileType = sourcecode.swift; path = ViewController.swift; sourceTree = "<group>"; };
		C0727E071A738A8C0059D7C7 /* Base */ = {isa = PBXFileReference; lastKnownFileType = file.storyboard; name = Base; path = Base.lproj/Main.storyboard; sourceTree = "<group>"; };
		C0727E091A738A8C0059D7C7 /* Images.xcassets */ = {isa = PBXFileReference; lastKnownFileType = folder.assetcatalog; path = Images.xcassets; sourceTree = "<group>"; };
		C0727E0C1A738A8C0059D7C7 /* Base */ = {isa = PBXFileReference; lastKnownFileType = file.xib; name = Base; path = Base.lproj/LaunchScreen.xib; sourceTree = "<group>"; };
		C0727E121A738A8C0059D7C7 /* CheckYourselfTests.xctest */ = {isa = PBXFileReference; explicitFileType = wrapper.cfbundle; includeInIndex = 0; path = CheckYourselfTests.xctest; sourceTree = BUILT_PRODUCTS_DIR; };
		C0727E171A738A8C0059D7C7 /* Info.plist */ = {isa = PBXFileReference; lastKnownFileType = text.plist.xml; path = Info.plist; sourceTree = "<group>"; };
		C0727E181A738A8C0059D7C7 /* CheckYourselfTests.swift */ = {isa = PBXFileReference; lastKnownFileType = sourcecode.swift; path = CheckYourselfTests.swift; sourceTree = "<group>"; };
/* End PBXFileReference section */

/* Begin PBXFrameworksBuildPhase section */
		C0727DF71A738A8C0059D7C7 /* Frameworks */ = {
			isa = PBXFrameworksBuildPhase;
			buildActionMask = 2147483647;
			files = (
			);
			runOnlyForDeploymentPostprocessing = 0;
		};
		C0727E0F1A738A8C0059D7C7 /* Frameworks */ = {
			isa = PBXFrameworksBuildPhase;
			buildActionMask = 2147483647;
			files = (
			);
			runOnlyForDeploymentPostprocessing = 0;
		};
/* End PBXFrameworksBuildPhase section */

/* Begin PBXGroup section */
		C0727DF11A738A8C0059D7C7 = {
			isa = PBXGroup;
			children = (
				C0727DFC1A738A8C0059D7C7 /* CheckYourself */,
				C0727E151A738A8C0059D7C7 /* CheckYourselfTests */,
				C0727DFB1A738A8C0059D7C7 /* Products */,
			);
			sourceTree = "<group>";
		};
		C0727DFB1A738A8C0059D7C7 /* Products */ = {
			isa = PBXGroup;
			children = (
				C0727DFA1A738A8C0059D7C7 /* CheckYourself.app */,
				C0727E121A738A8C0059D7C7 /* CheckYourselfTests.xctest */,
			);
			name = Products;
			sourceTree = "<group>";
		};
		C0727DFC1A738A8C0059D7C7 /* CheckYourself */ = {
			isa = PBXGroup;
			children = (
				C0727DFF1A738A8C0059D7C7 /* AppDelegate.swift */,
				C0727E041A738A8C0059D7C7 /* ViewController.swift */,
				C0727E061A738A8C0059D7C7 /* Main.storyboard */,
				C0727E091A738A8C0059D7C7 /* Images.xcassets */,
				C0727E0B1A738A8C0059D7C7 /* LaunchScreen.xib */,
				C0727E011A738A8C0059D7C7 /* CheckYourself.xcdatamodeld */,
				C0727DFD1A738A8C0059D7C7 /* Supporting Files */,
			);
			path = CheckYourself;
			sourceTree = "<group>";
		};
		C0727DFD1A738A8C0059D7C7 /* Supporting Files */ = {
			isa = PBXGroup;
			children = (
				C0727DFE1A738A8C0059D7C7 /* Info.plist */,
			);
			name = "Supporting Files";
			sourceTree = "<group>";
		};
		C0727E151A738A8C0059D7C7 /* CheckYourselfTests */ = {
			isa = PBXGroup;
			children = (
				C0727E181A738A8C0059D7C7 /* CheckYourselfTests.swift */,
				C0727E161A738A8C0059D7C7 /* Supporting Files */,
			);
			path = CheckYourselfTests;
			sourceTree = "<group>";
		};
		C0727E161A738A8C0059D7C7 /* Supporting Files */ = {
			isa = PBXGroup;
			children = (
				C0727E171A738A8C0059D7C7 /* Info.plist */,
			);
			name = "Supporting Files";
			sourceTree = "<group>";
		};
/* End PBXGroup section */

/* Begin PBXNativeTarget section */
		C0727DF91A738A8C0059D7C7 /* CheckYourself */ = {
			isa = PBXNativeTarget;
			buildConfigurationList = C0727E1C1A738A8C0059D7C7 /* Build configuration list for PBXNativeTarget "CheckYourself" */;
			buildPhases = (
				C0727DF61A738A8C0059D7C7 /* Sources */,
				C0727DF71A738A8C0059D7C7 /* Frameworks */,
				C0727DF81A738A8C0059D7C7 /* Resources */,
			);
			buildRules = (
			);
			dependencies = (
			);
			name = CheckYourself;
			productName = CheckYourself;
			productReference = C0727DFA1A738A8C0059D7C7 /* CheckYourself.app */;
			productType = "com.apple.product-type.application";
		};
		C0727E111A738A8C0059D7C7 /* CheckYourselfTests */ = {
			isa = PBXNativeTarget;
			buildConfigurationList = C0727E1F1A738A8C0059D7C7 /* Build configuration list for PBXNativeTarget "CheckYourselfTests" */;
			buildPhases = (
				C0727E0E1A738A8C0059D7C7 /* Sources */,
				C0727E0F1A738A8C0059D7C7 /* Frameworks */,
				C0727E101A738A8C0059D7C7 /* Resources */,
			);
			buildRules = (
			);
			dependencies = (
				C0727E141A738A8C0059D7C7 /* PBXTargetDependency */,
			);
			name = CheckYourselfTests;
			productName = CheckYourselfTests;
			productReference = C0727E121A738A8C0059D7C7 /* CheckYourselfTests.xctest */;
			productType = "com.apple.product-type.bundle.unit-test";
		};
/* End PBXNativeTarget section */

/* Begin PBXProject section */
		C0727DF21A738A8C0059D7C7 /* Project object */ = {
			isa = PBXProject;
			attributes = {
				LastUpgradeCheck = 0610;
				ORGANIZATIONNAME = "Gabriel Triggs";
				TargetAttributes = {
					C0727DF91A738A8C0059D7C7 = {
						CreatedOnToolsVersion = 6.1.1;
					};
					C0727E111A738A8C0059D7C7 = {
						CreatedOnToolsVersion = 6.1.1;
						TestTargetID = C0727DF91A738A8C0059D7C7;
					};
				};
			};
			buildConfigurationList = C0727DF51A738A8C0059D7C7 /* Build configuration list for PBXProject "CheckYourself" */;
			compatibilityVersion = "Xcode 3.2";
			developmentRegion = English;
			hasScannedForEncodings = 0;
			knownRegions = (
				en,
				Base,
			);
			mainGroup = C0727DF11A738A8C0059D7C7;
			productRefGroup = C0727DFB1A738A8C0059D7C7 /* Products */;
			projectDirPath = "";
			projectRoot = "";
			targets = (
				C0727DF91A738A8C0059D7C7 /* CheckYourself */,
				C0727E111A738A8C0059D7C7 /* CheckYourselfTests */,
			);
		};
/* End PBXProject section */

/* Begin PBXResourcesBuildPhase section */
		C0727DF81A738A8C0059D7C7 /* Resources */ = {
			isa = PBXResourcesBuildPhase;
			buildActionMask = 2147483647;
			files = (
				C0727E081A738A8C0059D7C7 /* Main.storyboard in Resources */,
				C0727E0D1A738A8C0059D7C7 /* LaunchScreen.xib in Resources */,
				C0727E0A1A738A8C0059D7C7 /* Images.xcassets in Resources */,
			);
			runOnlyForDeploymentPostprocessing = 0;
		};
		C0727E101A738A8C0059D7C7 /* Resources */ = {
			isa = PBXResourcesBuildPhase;
			buildActionMask = 2147483647;
			files = (
			);
			runOnlyForDeploymentPostprocessing = 0;
		};
/* End PBXResourcesBuildPhase section */

/* Begin PBXSourcesBuildPhase section */
		C0727DF61A738A8C0059D7C7 /* Sources */ = {
			isa = PBXSourcesBuildPhase;
			buildActionMask = 2147483647;
			files = (
				C0727E051A738A8C0059D7C7 /* ViewController.swift in Sources */,
				C0727E001A738A8C0059D7C7 /* AppDelegate.swift in Sources */,
				C0727E031A738A8C0059D7C7 /* CheckYourself.xcdatamodeld in Sources */,
			);
			runOnlyForDeploymentPostprocessing = 0;
		};
		C0727E0E1A738A8C0059D7C7 /* Sources */ = {
			isa = PBXSourcesBuildPhase;
			buildActionMask = 2147483647;
			files = (
				C0727E191A738A8C0059D7C7 /* CheckYourselfTests.swift in Sources */,
			);
			runOnlyForDeploymentPostprocessing = 0;
		};
/* End PBXSourcesBuildPhase section */

/* Begin PBXTargetDependency section */
		C0727E141A738A8C0059D7C7 /* PBXTargetDependency */ = {
			isa = PBXTargetDependency;
			target = C0727DF91A738A8C0059D7C7 /* CheckYourself */;
			targetProxy = C0727E131A738A8C0059D7C7 /* PBXContainerItemProxy */;
		};
/* End PBXTargetDependency section */

/* Begin PBXVariantGroup section */
		C0727E061A738A8C0059D7C7 /* Main.storyboard */ = {
			isa = PBXVariantGroup;
			children = (
				C0727E071A738A8C0059D7C7 /* Base */,
			);
			name = Main.storyboard;
			sourceTree = "<group>";
		};
		C0727E0B1A738A8C0059D7C7 /* LaunchScreen.xib */ = {
			isa = PBXVariantGroup;
			children = (
				C0727E0C1A738A8C0059D7C7 /* Base */,
			);
			name = LaunchScreen.xib;
			sourceTree = "<group>";
		};
/* End PBXVariantGroup section */

/* Begin XCBuildConfiguration section */
		C0727E1A1A738A8C0059D7C7 /* Debug */ = {
			isa = XCBuildConfiguration;
			buildSettings = {
				ALWAYS_SEARCH_USER_PATHS = NO;
				CLANG_CXX_LANGUAGE_STANDARD = "gnu++0x";
				CLANG_CXX_LIBRARY = "libc++";
				CLANG_ENABLE_MODULES = YES;
				CLANG_ENABLE_OBJC_ARC = YES;
				CLANG_WARN_BOOL_CONVERSION = YES;
				CLANG_WARN_CONSTANT_CONVERSION = YES;
				CLANG_WARN_DIRECT_OBJC_ISA_USAGE = YES_ERROR;
				CLANG_WARN_EMPTY_BODY = YES;
				CLANG_WARN_ENUM_CONVERSION = YES;
				CLANG_WARN_INT_CONVERSION = YES;
				CLANG_WARN_OBJC_ROOT_CLASS = YES_ERROR;
				CLANG_WARN_UNREACHABLE_CODE = YES;
				CLANG_WARN__DUPLICATE_METHOD_MATCH = YES;
				"CODE_SIGN_IDENTITY[sdk=iphoneos*]" = "iPhone Developer";
				COPY_PHASE_STRIP = NO;
				ENABLE_STRICT_OBJC_MSGSEND = YES;
				GCC_C_LANGUAGE_STANDARD = gnu99;
				GCC_DYNAMIC_NO_PIC = NO;
				GCC_OPTIMIZATION_LEVEL = 0;
				GCC_PREPROCESSOR_DEFINITIONS = (
					"DEBUG=1",
					"$(inherited)",
				);
				GCC_SYMBOLS_PRIVATE_EXTERN = NO;
				GCC_WARN_64_TO_32_BIT_CONVERSION = YES;
				GCC_WARN_ABOUT_RETURN_TYPE = YES_ERROR;
				GCC_WARN_UNDECLARED_SELECTOR = YES;
				GCC_WARN_UNINITIALIZED_AUTOS = YES_AGGRESSIVE;
				GCC_WARN_UNUSED_FUNCTION = YES;
				GCC_WARN_UNUSED_VARIABLE = YES;
				IPHONEOS_DEPLOYMENT_TARGET = 8.1;
				MTL_ENABLE_DEBUG_INFO = YES;
				ONLY_ACTIVE_ARCH = YES;
				SDKROOT = iphoneos;
				SWIFT_OPTIMIZATION_LEVEL = "-Onone";
			};
			name = Debug;
		};
		C0727E1B1A738A8C0059D7C7 /* Release */ = {
			isa = XCBuildConfiguration;
			buildSettings = {
				ALWAYS_SEARCH_USER_PATHS = NO;
				CLANG_CXX_LANGUAGE_STANDARD = "gnu++0x";
				CLANG_CXX_LIBRARY = "libc++";
				CLANG_ENABLE_MODULES = YES;
				CLANG_ENABLE_OBJC_ARC = YES;
				CLANG_WARN_BOOL_CONVERSION = YES;
				CLANG_WARN_CONSTANT_CONVERSION = YES;
				CLANG_WARN_DIRECT_OBJC_ISA_USAGE = YES_ERROR;
				CLANG_WARN_EMPTY_BODY = YES;
				CLANG_WARN_ENUM_CONVERSION = YES;
				CLANG_WARN_INT_CONVERSION = YES;
				CLANG_WARN_OBJC_ROOT_CLASS = YES_ERROR;
				CLANG_WARN_UNREACHABLE_CODE = YES;
				CLANG_WARN__DUPLICATE_METHOD_MATCH = YES;
				"CODE_SIGN_IDENTITY[sdk=iphoneos*]" = "iPhone Developer";
				COPY_PHASE_STRIP = YES;
				ENABLE_NS_ASSERTIONS = NO;
				ENABLE_STRICT_OBJC_MSGSEND = YES;
				GCC_C_LANGUAGE_STANDARD = gnu99;
				GCC_WARN_64_TO_32_BIT_CONVERSION = YES;
				GCC_WARN_ABOUT_RETURN_TYPE = YES_ERROR;
				GCC_WARN_UNDECLARED_SELECTOR = YES;
				GCC_WARN_UNINITIALIZED_AUTOS = YES_AGGRESSIVE;
				GCC_WARN_UNUSED_FUNCTION = YES;
				GCC_WARN_UNUSED_VARIABLE = YES;
				IPHONEOS_DEPLOYMENT_TARGET = 8.1;
				MTL_ENABLE_DEBUG_INFO = NO;
				SDKROOT = iphoneos;
				VALIDATE_PRODUCT = YES;
			};
			name = Release;
		};
		C0727E1D1A738A8C0059D7C7 /* Debug */ = {
			isa = XCBuildConfiguration;
			buildSettings = {
				ASSETCATALOG_COMPILER_APPICON_NAME = AppIcon;
				INFOPLIST_FILE = CheckYourself/Info.plist;
				LD_RUNPATH_SEARCH_PATHS = "$(inherited) @executable_path/Frameworks";
				PRODUCT_NAME = "$(TARGET_NAME)";
			};
			name = Debug;
		};
		C0727E1E1A738A8C0059D7C7 /* Release */ = {
			isa = XCBuildConfiguration;
			buildSettings = {
				ASSETCATALOG_COMPILER_APPICON_NAME = AppIcon;
				INFOPLIST_FILE = CheckYourself/Info.plist;
				LD_RUNPATH_SEARCH_PATHS = "$(inherited) @executable_path/Frameworks";
				PRODUCT_NAME = "$(TARGET_NAME)";
			};
			name = Release;
		};
		C0727E201A738A8C0059D7C7 /* Debug */ = {
			isa = XCBuildConfiguration;
			buildSettings = {
				BUNDLE_LOADER = "$(TEST_HOST)";
				FRAMEWORK_SEARCH_PATHS = (
					"$(SDKROOT)/Developer/Library/Frameworks",
					"$(inherited)",
				);
				GCC_PREPROCESSOR_DEFINITIONS = (
					"DEBUG=1",
					"$(inherited)",
				);
				INFOPLIST_FILE = CheckYourselfTests/Info.plist;
				LD_RUNPATH_SEARCH_PATHS = "$(inherited) @executable_path/Frameworks @loader_path/Frameworks";
				PRODUCT_NAME = "$(TARGET_NAME)";
				TEST_HOST = "$(BUILT_PRODUCTS_DIR)/CheckYourself.app/CheckYourself";
			};
			name = Debug;
		};
		C0727E211A738A8C0059D7C7 /* Release */ = {
			isa = XCBuildConfiguration;
			buildSettings = {
				BUNDLE_LOADER = "$(TEST_HOST)";
				FRAMEWORK_SEARCH_PATHS = (
					"$(SDKROOT)/Developer/Library/Frameworks",
					"$(inherited)",
				);
				INFOPLIST_FILE = CheckYourselfTests/Info.plist;
				LD_RUNPATH_SEARCH_PATHS = "$(inherited) @executable_path/Frameworks @loader_path/Frameworks";
				PRODUCT_NAME = "$(TARGET_NAME)";
				TEST_HOST = "$(BUILT_PRODUCTS_DIR)/CheckYourself.app/CheckYourself";
			};
			name = Release;
		};
/* End XCBuildConfiguration section */

/* Begin XCConfigurationList section */
		C0727DF51A738A8C0059D7C7 /* Build configuration list for PBXProject "CheckYourself" */ = {
			isa = XCConfigurationList;
			buildConfigurations = (
				C0727E1A1A738A8C0059D7C7 /* Debug */,
				C0727E1B1A738A8C0059D7C7 /* Release */,
			);
			defaultConfigurationIsVisible = 0;
			defaultConfigurationName = Release;
		};
		C0727E1C1A738A8C0059D7C7 /* Build configuration list for PBXNativeTarget "CheckYourself" */ = {
			isa = XCConfigurationList;
			buildConfigurations = (
				C0727E1D1A738A8C0059D7C7 /* Debug */,
				C0727E1E1A738A8C0059D7C7 /* Release */,
			);
			defaultConfigurationIsVisible = 0;
			defaultConfigurationName = Release;
		};
		C0727E1F1A738A8C0059D7C7 /* Build configuration list for PBXNativeTarget "CheckYourselfTests" */ = {
			isa = XCConfigurationList;
			buildConfigurations = (
				C0727E201A738A8C0059D7C7 /* Debug */,
				C0727E211A738A8C0059D7C7 /* Release */,
			);
			defaultConfigurationIsVisible = 0;
			defaultConfigurationName = Release;
		};
/* End XCConfigurationList section */

/* Begin XCVersionGroup section */
		C0727E011A738A8C0059D7C7 /* CheckYourself.xcdatamodeld */ = {
			isa = XCVersionGroup;
			children = (
				C0727E021A738A8C0059D7C7 /* CheckYourself.xcdatamodel */,
			);
			currentVersion = C0727E021A738A8C0059D7C7 /* CheckYourself.xcdatamodel */;
			path = CheckYourself.xcdatamodeld;
			sourceTree = "<group>";
			versionGroupType = wrapper.xcdatamodel;
		};
/* End XCVersionGroup section */
	};
	rootObject = C0727DF21A738A8C0059D7C7 /* Project object */;
}
